// !$*UTF8*$!
{
	archiveVersion = 1;
	classes = {
	};
	objectVersion = 50;
	objects = {

/* Begin PBXBuildFile section */
		951246952432DFD500A78409 /* AppDelegate.swift in Sources */ = {isa = PBXBuildFile; fileRef = 951246942432DFD500A78409 /* AppDelegate.swift */; };
		951246972432DFD500A78409 /* SceneDelegate.swift in Sources */ = {isa = PBXBuildFile; fileRef = 951246962432DFD500A78409 /* SceneDelegate.swift */; };
		951246992432DFD500A78409 /* ViewController.swift in Sources */ = {isa = PBXBuildFile; fileRef = 951246982432DFD500A78409 /* ViewController.swift */; };
		9512469C2432DFD500A78409 /* Main.storyboard in Resources */ = {isa = PBXBuildFile; fileRef = 9512469A2432DFD500A78409 /* Main.storyboard */; };
		9512469F2432DFD500A78409 /* DunceCap.xcdatamodeld in Sources */ = {isa = PBXBuildFile; fileRef = 9512469D2432DFD500A78409 /* DunceCap.xcdatamodeld */; };
		951246A12432DFD700A78409 /* Assets.xcassets in Resources */ = {isa = PBXBuildFile; fileRef = 951246A02432DFD700A78409 /* Assets.xcassets */; };
		951246A42432DFD700A78409 /* LaunchScreen.storyboard in Resources */ = {isa = PBXBuildFile; fileRef = 951246A22432DFD700A78409 /* LaunchScreen.storyboard */; };
/* End PBXBuildFile section */

/* Begin PBXFileReference section */
		951246912432DFD500A78409 /* DunceCap.app */ = {isa = PBXFileReference; explicitFileType = wrapper.application; includeInIndex = 0; path = DunceCap.app; sourceTree = BUILT_PRODUCTS_DIR; };
		951246942432DFD500A78409 /* AppDelegate.swift */ = {isa = PBXFileReference; lastKnownFileType = sourcecode.swift; path = AppDelegate.swift; sourceTree = "<group>"; };
		951246962432DFD500A78409 /* SceneDelegate.swift */ = {isa = PBXFileReference; lastKnownFileType = sourcecode.swift; path = SceneDelegate.swift; sourceTree = "<group>"; };
		951246982432DFD500A78409 /* ViewController.swift */ = {isa = PBXFileReference; lastKnownFileType = sourcecode.swift; path = ViewController.swift; sourceTree = "<group>"; };
		9512469B2432DFD500A78409 /* Base */ = {isa = PBXFileReference; lastKnownFileType = file.storyboard; name = Base; path = Base.lproj/Main.storyboard; sourceTree = "<group>"; };
		9512469E2432DFD500A78409 /* DunceCap.xcdatamodel */ = {isa = PBXFileReference; lastKnownFileType = wrapper.xcdatamodel; path = DunceCap.xcdatamodel; sourceTree = "<group>"; };
		951246A02432DFD700A78409 /* Assets.xcassets */ = {isa = PBXFileReference; lastKnownFileType = folder.assetcatalog; path = Assets.xcassets; sourceTree = "<group>"; };
		951246A32432DFD700A78409 /* Base */ = {isa = PBXFileReference; lastKnownFileType = file.storyboard; name = Base; path = Base.lproj/LaunchScreen.storyboard; sourceTree = "<group>"; };
		951246A52432DFD700A78409 /* Info.plist */ = {isa = PBXFileReference; lastKnownFileType = text.plist.xml; path = Info.plist; sourceTree = "<group>"; };
/* End PBXFileReference section */

/* Begin PBXFrameworksBuildPhase section */
		9512468E2432DFD500A78409 /* Frameworks */ = {
			isa = PBXFrameworksBuildPhase;
			buildActionMask = 2147483647;
			files = (
			);
			runOnlyForDeploymentPostprocessing = 0;
		};
/* End PBXFrameworksBuildPhase section */

/* Begin PBXGroup section */
		951246882432DFD500A78409 = {
			isa = PBXGroup;
			children = (
				951246932432DFD500A78409 /* DunceCap */,
				951246922432DFD500A78409 /* Products */,
			);
			sourceTree = "<group>";
		};
		951246922432DFD500A78409 /* Products */ = {
			isa = PBXGroup;
			children = (
				951246912432DFD500A78409 /* DunceCap.app */,
			);
			name = Products;
			sourceTree = "<group>";
		};
		951246932432DFD500A78409 /* DunceCap */ = {
			isa = PBXGroup;
			children = (
				951246942432DFD500A78409 /* AppDelegate.swift */,
				951246962432DFD500A78409 /* SceneDelegate.swift */,
				951246982432DFD500A78409 /* ViewController.swift */,
				9512469A2432DFD500A78409 /* Main.storyboard */,
				951246A02432DFD700A78409 /* Assets.xcassets */,
				951246A22432DFD700A78409 /* LaunchScreen.storyboard */,
				951246A52432DFD700A78409 /* Info.plist */,
				9512469D2432DFD500A78409 /* DunceCap.xcdatamodeld */,
			);
			path = DunceCap;
			sourceTree = "<group>";
		};
/* End PBXGroup section */

/* Begin PBXNativeTarget section */
		951246902432DFD500A78409 /* DunceCap */ = {
			isa = PBXNativeTarget;
			buildConfigurationList = 951246A82432DFD700A78409 /* Build configuration list for PBXNativeTarget "DunceCap" */;
			buildPhases = (
				9512468D2432DFD500A78409 /* Sources */,
				9512468E2432DFD500A78409 /* Frameworks */,
				9512468F2432DFD500A78409 /* Resources */,
			);
			buildRules = (
			);
			dependencies = (
			);
			name = DunceCap;
			productName = DunceCap;
			productReference = 951246912432DFD500A78409 /* DunceCap.app */;
			productType = "com.apple.product-type.application";
		};
/* End PBXNativeTarget section */

/* Begin PBXProject section */
		951246892432DFD500A78409 /* Project object */ = {
			isa = PBXProject;
			attributes = {
				LastSwiftUpdateCheck = 1140;
				LastUpgradeCheck = 1140;
				ORGANIZATIONNAME = "Ari Wasch";
				TargetAttributes = {
					951246902432DFD500A78409 = {
						CreatedOnToolsVersion = 11.4;
					};
				};
			};
			buildConfigurationList = 9512468C2432DFD500A78409 /* Build configuration list for PBXProject "DunceCap" */;
			compatibilityVersion = "Xcode 9.3";
			developmentRegion = en;
			hasScannedForEncodings = 0;
			knownRegions = (
				en,
				Base,
			);
			mainGroup = 951246882432DFD500A78409;
			productRefGroup = 951246922432DFD500A78409 /* Products */;
			projectDirPath = "";
			projectRoot = "";
			targets = (
				951246902432DFD500A78409 /* DunceCap */,
			);
		};
/* End PBXProject section */

/* Begin PBXResourcesBuildPhase section */
		9512468F2432DFD500A78409 /* Resources */ = {
			isa = PBXResourcesBuildPhase;
			buildActionMask = 2147483647;
			files = (
				951246A42432DFD700A78409 /* LaunchScreen.storyboard in Resources */,
				951246A12432DFD700A78409 /* Assets.xcassets in Resources */,
				9512469C2432DFD500A78409 /* Main.storyboard in Resources */,
			);
			runOnlyForDeploymentPostprocessing = 0;
		};
/* End PBXResourcesBuildPhase section */

/* Begin PBXSourcesBuildPhase section */
		9512468D2432DFD500A78409 /* Sources */ = {
			isa = PBXSourcesBuildPhase;
			buildActionMask = 2147483647;
			files = (
				9512469F2432DFD500A78409 /* DunceCap.xcdatamodeld in Sources */,
				951246992432DFD500A78409 /* ViewController.swift in Sources */,
				951246952432DFD500A78409 /* AppDelegate.swift in Sources */,
				951246972432DFD500A78409 /* SceneDelegate.swift in Sources */,
			);
			runOnlyForDeploymentPostprocessing = 0;
		};
/* End PBXSourcesBuildPhase section */

/* Begin PBXVariantGroup section */
		9512469A2432DFD500A78409 /* Main.storyboard */ = {
			isa = PBXVariantGroup;
			children = (
				9512469B2432DFD500A78409 /* Base */,
			);
			name = Main.storyboard;
			sourceTree = "<group>";
		};
		951246A22432DFD700A78409 /* LaunchScreen.storyboard */ = {
			isa = PBXVariantGroup;
			children = (
				951246A32432DFD700A78409 /* Base */,
			);
			name = LaunchScreen.storyboard;
			sourceTree = "<group>";
		};
/* End PBXVariantGroup section */

/* Begin XCBuildConfiguration section */
		951246A62432DFD700A78409 /* Debug */ = {
			isa = XCBuildConfiguration;
			buildSettings = {
				ALWAYS_SEARCH_USER_PATHS = NO;
				CLANG_ANALYZER_NONNULL = YES;
				CLANG_ANALYZER_NUMBER_OBJECT_CONVERSION = YES_AGGRESSIVE;
				CLANG_CXX_LANGUAGE_STANDARD = "gnu++14";
				CLANG_CXX_LIBRARY = "libc++";
				CLANG_ENABLE_MODULES = YES;
				CLANG_ENABLE_OBJC_ARC = YES;
				CLANG_ENABLE_OBJC_WEAK = YES;
				CLANG_WARN_BLOCK_CAPTURE_AUTORELEASING = YES;
				CLANG_WARN_BOOL_CONVERSION = YES;
				CLANG_WARN_COMMA = YES;
				CLANG_WARN_CONSTANT_CONVERSION = YES;
				CLANG_WARN_DEPRECATED_OBJC_IMPLEMENTATIONS = YES;
				CLANG_WARN_DIRECT_OBJC_ISA_USAGE = YES_ERROR;
				CLANG_WARN_DOCUMENTATION_COMMENTS = YES;
				CLANG_WARN_EMPTY_BODY = YES;
				CLANG_WARN_ENUM_CONVERSION = YES;
				CLANG_WARN_INFINITE_RECURSION = YES;
				CLANG_WARN_INT_CONVERSION = YES;
				CLANG_WARN_NON_LITERAL_NULL_CONVERSION = YES;
				CLANG_WARN_OBJC_IMPLICIT_RETAIN_SELF = YES;
				CLANG_WARN_OBJC_LITERAL_CONVERSION = YES;
				CLANG_WARN_OBJC_ROOT_CLASS = YES_ERROR;
				CLANG_WARN_RANGE_LOOP_ANALYSIS = YES;
				CLANG_WARN_STRICT_PROTOTYPES = YES;
				CLANG_WARN_SUSPICIOUS_MOVE = YES;
				CLANG_WARN_UNGUARDED_AVAILABILITY = YES_AGGRESSIVE;
				CLANG_WARN_UNREACHABLE_CODE = YES;
				CLANG_WARN__DUPLICATE_METHOD_MATCH = YES;
				COPY_PHASE_STRIP = NO;
				DEBUG_INFORMATION_FORMAT = dwarf;
				ENABLE_STRICT_OBJC_MSGSEND = YES;
				ENABLE_TESTABILITY = YES;
				GCC_C_LANGUAGE_STANDARD = gnu11;
				GCC_DYNAMIC_NO_PIC = NO;
				GCC_NO_COMMON_BLOCKS = YES;
				GCC_OPTIMIZATION_LEVEL = 0;
				GCC_PREPROCESSOR_DEFINITIONS = (
					"DEBUG=1",
					"$(inherited)",
				);
				GCC_WARN_64_TO_32_BIT_CONVERSION = YES;
				GCC_WARN_ABOUT_RETURN_TYPE = YES_ERROR;
				GCC_WARN_UNDECLARED_SELECTOR = YES;
				GCC_WARN_UNINITIALIZED_AUTOS = YES_AGGRESSIVE;
				GCC_WARN_UNUSED_FUNCTION = YES;
				GCC_WARN_UNUSED_VARIABLE = YES;
				IPHONEOS_DEPLOYMENT_TARGET = 13.4;
				MTL_ENABLE_DEBUG_INFO = INCLUDE_SOURCE;
				MTL_FAST_MATH = YES;
				ONLY_ACTIVE_ARCH = YES;
				SDKROOT = iphoneos;
				SWIFT_ACTIVE_COMPILATION_CONDITIONS = DEBUG;
				SWIFT_OPTIMIZATION_LEVEL = "-Onone";
			};
			name = Debug;
		};
		951246A72432DFD700A78409 /* Release */ = {
			isa = XCBuildConfiguration;
			buildSettings = {
				ALWAYS_SEARCH_USER_PATHS = NO;
				CLANG_ANALYZER_NONNULL = YES;
				CLANG_ANALYZER_NUMBER_OBJECT_CONVERSION = YES_AGGRESSIVE;
				CLANG_CXX_LANGUAGE_STANDARD = "gnu++14";
				CLANG_CXX_LIBRARY = "libc++";
				CLANG_ENABLE_MODULES = YES;
				CLANG_ENABLE_OBJC_ARC = YES;
				CLANG_ENABLE_OBJC_WEAK = YES;
				CLANG_WARN_BLOCK_CAPTURE_AUTORELEASING = YES;
				CLANG_WARN_BOOL_CONVERSION = YES;
				CLANG_WARN_COMMA = YES;
				CLANG_WARN_CONSTANT_CONVERSION = YES;
				CLANG_WARN_DEPRECATED_OBJC_IMPLEMENTATIONS = YES;
				CLANG_WARN_DIRECT_OBJC_ISA_USAGE = YES_ERROR;
				CLANG_WARN_DOCUMENTATION_COMMENTS = YES;
				CLANG_WARN_EMPTY_BODY = YES;
				CLANG_WARN_ENUM_CONVERSION = YES;
				CLANG_WARN_INFINITE_RECURSION = YES;
				CLANG_WARN_INT_CONVERSION = YES;
				CLANG_WARN_NON_LITERAL_NULL_CONVERSION = YES;
				CLANG_WARN_OBJC_IMPLICIT_RETAIN_SELF = YES;
				CLANG_WARN_OBJC_LITERAL_CONVERSION = YES;
				CLANG_WARN_OBJC_ROOT_CLASS = YES_ERROR;
				CLANG_WARN_RANGE_LOOP_ANALYSIS = YES;
				CLANG_WARN_STRICT_PROTOTYPES = YES;
				CLANG_WARN_SUSPICIOUS_MOVE = YES;
				CLANG_WARN_UNGUARDED_AVAILABILITY = YES_AGGRESSIVE;
				CLANG_WARN_UNREACHABLE_CODE = YES;
				CLANG_WARN__DUPLICATE_METHOD_MATCH = YES;
				COPY_PHASE_STRIP = NO;
				DEBUG_INFORMATION_FORMAT = "dwarf-with-dsym";
				ENABLE_NS_ASSERTIONS = NO;
				ENABLE_STRICT_OBJC_MSGSEND = YES;
				GCC_C_LANGUAGE_STANDARD = gnu11;
				GCC_NO_COMMON_BLOCKS = YES;
				GCC_WARN_64_TO_32_BIT_CONVERSION = YES;
				GCC_WARN_ABOUT_RETURN_TYPE = YES_ERROR;
				GCC_WARN_UNDECLARED_SELECTOR = YES;
				GCC_WARN_UNINITIALIZED_AUTOS = YES_AGGRESSIVE;
				GCC_WARN_UNUSED_FUNCTION = YES;
				GCC_WARN_UNUSED_VARIABLE = YES;
				IPHONEOS_DEPLOYMENT_TARGET = 13.4;
				MTL_ENABLE_DEBUG_INFO = NO;
				MTL_FAST_MATH = YES;
				SDKROOT = iphoneos;
				SWIFT_COMPILATION_MODE = wholemodule;
				SWIFT_OPTIMIZATION_LEVEL = "-O";
				VALIDATE_PRODUCT = YES;
			};
			name = Release;
		};
		951246A92432DFD700A78409 /* Debug */ = {
			isa = XCBuildConfiguration;
			buildSettings = {
				ASSETCATALOG_COMPILER_APPICON_NAME = AppIcon;
				CODE_SIGN_STYLE = Automatic;
				DEVELOPMENT_TEAM = 3K6Q4C6RYZ;
				INFOPLIST_FILE = DunceCap/Info.plist;
				LD_RUNPATH_SEARCH_PATHS = (
					"$(inherited)",
					"@executable_path/Frameworks",
				);
				PRODUCT_BUNDLE_IDENTIFIER = "Ari-Wasch.DunceCap";
				PRODUCT_NAME = "$(TARGET_NAME)";
				SWIFT_VERSION = 5.0;
				TARGETED_DEVICE_FAMILY = "1,2";
			};
			name = Debug;
		};
		951246AA2432DFD700A78409 /* Release */ = {
			isa = XCBuildConfiguration;
			buildSettings = {
				ASSETCATALOG_COMPILER_APPICON_NAME = AppIcon;
				CODE_SIGN_STYLE = Automatic;
				DEVELOPMENT_TEAM = 3K6Q4C6RYZ;
				INFOPLIST_FILE = DunceCap/Info.plist;
				LD_RUNPATH_SEARCH_PATHS = (
					"$(inherited)",
					"@executable_path/Frameworks",
				);
				PRODUCT_BUNDLE_IDENTIFIER = "Ari-Wasch.DunceCap";
				PRODUCT_NAME = "$(TARGET_NAME)";
				SWIFT_VERSION = 5.0;
				TARGETED_DEVICE_FAMILY = "1,2";
			};
			name = Release;
		};
/* End XCBuildConfiguration section */

/* Begin XCConfigurationList section */
		9512468C2432DFD500A78409 /* Build configuration list for PBXProject "DunceCap" */ = {
			isa = XCConfigurationList;
			buildConfigurations = (
				951246A62432DFD700A78409 /* Debug */,
				951246A72432DFD700A78409 /* Release */,
			);
			defaultConfigurationIsVisible = 0;
			defaultConfigurationName = Release;
		};
		951246A82432DFD700A78409 /* Build configuration list for PBXNativeTarget "DunceCap" */ = {
			isa = XCConfigurationList;
			buildConfigurations = (
				951246A92432DFD700A78409 /* Debug */,
				951246AA2432DFD700A78409 /* Release */,
			);
			defaultConfigurationIsVisible = 0;
			defaultConfigurationName = Release;
		};
/* End XCConfigurationList section */

/* Begin XCVersionGroup section */
		9512469D2432DFD500A78409 /* DunceCap.xcdatamodeld */ = {
			isa = XCVersionGroup;
			children = (
				9512469E2432DFD500A78409 /* DunceCap.xcdatamodel */,
			);
			currentVersion = 9512469E2432DFD500A78409 /* DunceCap.xcdatamodel */;
			path = DunceCap.xcdatamodeld;
			sourceTree = "<group>";
			versionGroupType = wrapper.xcdatamodel;
		};
/* End XCVersionGroup section */
	};
	rootObject = 951246892432DFD500A78409 /* Project object */;
}
